
Microsoft Visual Studio Solution File, Format Version 12.00
# Visual Studio Version 16
VisualStudioVersion = 16.0.30717.126
MinimumVisualStudioVersion = 10.0.40219.1
Project("{9A19103F-16F7-4668-BE54-9A1E7A4F7556}") = "Samurai.Api", "src\Samurai.Api\Samurai.Api.csproj", "{37214153-DBD1-4DD6-83DA-9427BBED0C54}"
EndProject
Project("{FAE04EC0-301F-11D3-BF4B-00C04F79EFBC}") = "Samurai.Api.IntegrationTests", "tests\Samurai.Api.IntegrationTests\Samurai.Api.IntegrationTests.csproj", "{EBEB675C-FBDF-49EA-9F0C-DE5F4555E346}"
EndProject
Project("{2150E333-8FDC-42A3-9474-1A3956D46DE8}") = "Solution Items", "Solution Items", "{B69FC2D0-9FAD-478A-9191-7FC0D5A8B07D}"
	ProjectSection(SolutionItems) = preProject
		README.md = README.md
	EndProjectSection
EndProject
Global
	GlobalSection(SolutionConfigurationPlatforms) = preSolution
		Debug|Any CPU = Debug|Any CPU
		Release|Any CPU = Release|Any CPU
	EndGlobalSection
	GlobalSection(ProjectConfigurationPlatforms) = postSolution
		{37214153-DBD1-4DD6-83DA-9427BBED0C54}.Debug|Any CPU.ActiveCfg = Debug|Any CPU
		{37214153-DBD1-4DD6-83DA-9427BBED0C54}.Debug|Any CPU.Build.0 = Debug|Any CPU
		{37214153-DBD1-4DD6-83DA-9427BBED0C54}.Release|Any CPU.ActiveCfg = Release|Any CPU
		{37214153-DBD1-4DD6-83DA-9427BBED0C54}.Release|Any CPU.Build.0 = Release|Any CPU
		{EBEB675C-FBDF-49EA-9F0C-DE5F4555E346}.Debug|Any CPU.ActiveCfg = Debug|Any CPU
		{EBEB675C-FBDF-49EA-9F0C-DE5F4555E346}.Debug|Any CPU.Build.0 = Debug|Any CPU
		{EBEB675C-FBDF-49EA-9F0C-DE5F4555E346}.Release|Any CPU.ActiveCfg = Release|Any CPU
		{EBEB675C-FBDF-49EA-9F0C-DE5F4555E346}.Release|Any CPU.Build.0 = Release|Any CPU
	EndGlobalSection
	GlobalSection(SolutionProperties) = preSolution
		HideSolutionNode = FALSE
	EndGlobalSection
	GlobalSection(ExtensibilityGlobals) = postSolution
		SolutionGuid = {60215BBE-ECD0-431F-94D7-A12158A850E3}
	EndGlobalSection
EndGlobal
